
Microsoft Visual Studio Solution File, Format Version 12.00
# Visual Studio 15
VisualStudioVersion = 15.0.27703.2035
MinimumVisualStudioVersion = 10.0.40219.1
Project("{FAE04EC0-301F-11D3-BF4B-00C04F79EFBC}") = "aurac", "aurac\aurac.csproj", "{DB9A36A3-DAFD-429C-B6FA-3D145C38844F}"
EndProject
Global
	GlobalSection(SolutionConfigurationPlatforms) = preSolution
		Debug|Any CPU = Debug|Any CPU
		Release|Any CPU = Release|Any CPU
	EndGlobalSection
	GlobalSection(ProjectConfigurationPlatforms) = postSolution
		{DB9A36A3-DAFD-429C-B6FA-3D145C38844F}.Debug|Any CPU.ActiveCfg = Debug|Any CPU
		{DB9A36A3-DAFD-429C-B6FA-3D145C38844F}.Debug|Any CPU.Build.0 = Debug|Any CPU
		{DB9A36A3-DAFD-429C-B6FA-3D145C38844F}.Release|Any CPU.ActiveCfg = Release|Any CPU
		{DB9A36A3-DAFD-429C-B6FA-3D145C38844F}.Release|Any CPU.Build.0 = Release|Any CPU
	EndGlobalSection
	GlobalSection(SolutionProperties) = preSolution
		HideSolutionNode = FALSE
	EndGlobalSection
	GlobalSection(ExtensibilityGlobals) = postSolution
		SolutionGuid = {D4CA1FBA-21B4-4430-8C73-F5428B489E4A}
	EndGlobalSection
EndGlobal
